Microsoft Visual Studio Solution File, Format Version 12.00
# Visual Studio Version 17
VisualStudioVersion = 17.12.35707.178
MinimumVisualStudioVersion = 10.0.40219.1
Project("{FAE04EC0-301F-11D3-BF4B-00C04F79EFBC}") = "Konqvist.Data", "Konqvist.Data\Konqvist.Data.csproj", "{91B7BE17-C477-C820-C2BD-0913AFC2D617}"
EndProject
Project("{FAE04EC0-301F-11D3-BF4B-00C04F79EFBC}") = "Konqvist.Web", "Konqvist.Web\Konqvist.Web.csproj", "{10CCF848-B367-CED6-3C04-3A490A60B1DA}"
EndProject
Project("{2150E333-8FDC-42A3-9474-1A3956D46DE8}") = "Solution Artifacts", "Solution Artifacts", "{02EA681E-C7D8-13C7-8484-4AC65E1B71E8}"
	ProjectSection(SolutionItems) = preProject
		.github\workflows\konqvist-app.yml = .github\workflows\konqvist-app.yml
		todo.txt = todo.txt
	EndProjectSection
EndProject
Project("{FAE04EC0-301F-11D3-BF4B-00C04F79EFBC}") = "Konqvist.Data.Tests", "Konqvist.Data.Tests\Konqvist.Data.Tests.csproj", "{29FDF41A-8E10-B751-2EEB-D3D074067E36}"
EndProject
Global
	GlobalSection(SolutionConfigurationPlatforms) = preSolution
		Debug|Any CPU = Debug|Any CPU
		Release|Any CPU = Release|Any CPU
	EndGlobalSection
	GlobalSection(ProjectConfigurationPlatforms) = postSolution
		{91B7BE17-C477-C820-C2BD-0913AFC2D617}.Debug|Any CPU.ActiveCfg = Debug|Any CPU
		{91B7BE17-C477-C820-C2BD-0913AFC2D617}.Debug|Any CPU.Build.0 = Debug|Any CPU
		{91B7BE17-C477-C820-C2BD-0913AFC2D617}.Release|Any CPU.ActiveCfg = Release|Any CPU
		{91B7BE17-C477-C820-C2BD-0913AFC2D617}.Release|Any CPU.Build.0 = Release|Any CPU
		{10CCF848-B367-CED6-3C04-3A490A60B1DA}.Debug|Any CPU.ActiveCfg = Debug|Any CPU
		{10CCF848-B367-CED6-3C04-3A490A60B1DA}.Debug|Any CPU.Build.0 = Debug|Any CPU
		{10CCF848-B367-CED6-3C04-3A490A60B1DA}.Release|Any CPU.ActiveCfg = Release|Any CPU
		{10CCF848-B367-CED6-3C04-3A490A60B1DA}.Release|Any CPU.Build.0 = Release|Any CPU
		{29FDF41A-8E10-B751-2EEB-D3D074067E36}.Debug|Any CPU.ActiveCfg = Debug|Any CPU
		{29FDF41A-8E10-B751-2EEB-D3D074067E36}.Debug|Any CPU.Build.0 = Debug|Any CPU
		{29FDF41A-8E10-B751-2EEB-D3D074067E36}.Release|Any CPU.ActiveCfg = Release|Any CPU
		{29FDF41A-8E10-B751-2EEB-D3D074067E36}.Release|Any CPU.Build.0 = Release|Any CPU
	EndGlobalSection
	GlobalSection(SolutionProperties) = preSolution
		HideSolutionNode = FALSE
	EndGlobalSection
	GlobalSection(ExtensibilityGlobals) = postSolution
		SolutionGuid = {FCCD69DA-80FB-490D-9D75-A9A1D14BD9A3}
	EndGlobalSection
EndGlobal
